
Microsoft Visual Studio Solution File, Format Version 12.00
# Visual Studio 2015
Project("{FAE04EC0-301F-11D3-BF4B-00C04F79EFBC}") = "Mathematical-Challenge.CSharp.Plugins", "Mathematical-Challenge.CSharp.Plugins.csproj", "{E879BBE7-B2EE-1E7E-BE21-B983035DE605}"
EndProject
Project("{FAE04EC0-301F-11D3-BF4B-00C04F79EFBC}") = "Mathematical-Challenge.CSharp", "Mathematical-Challenge.CSharp.csproj", "{D8A0F7EB-160A-320D-24B0-FB810120F295}"
EndProject
Project("{FAE04EC0-301F-11D3-BF4B-00C04F79EFBC}") = "Mathematical-Challenge.CSharp.Editor", "Mathematical-Challenge.CSharp.Editor.csproj", "{00F8DA32-229B-FAE8-D0D3-854BA4BB437A}"
EndProject
Global
	GlobalSection(SolutionConfigurationPlatforms) = preSolution
		Debug|Any CPU = Debug|Any CPU
		Release|Any CPU = Release|Any CPU
	EndGlobalSection
	GlobalSection(ProjectConfigurationPlatforms) = postSolution
		{E879BBE7-B2EE-1E7E-BE21-B983035DE605}.Debug|Any CPU.ActiveCfg = Debug|Any CPU
		{E879BBE7-B2EE-1E7E-BE21-B983035DE605}.Debug|Any CPU.Build.0 = Debug|Any CPU
		{E879BBE7-B2EE-1E7E-BE21-B983035DE605}.Release|Any CPU.ActiveCfg = Release|Any CPU
		{E879BBE7-B2EE-1E7E-BE21-B983035DE605}.Release|Any CPU.Build.0 = Release|Any CPU
		{D8A0F7EB-160A-320D-24B0-FB810120F295}.Debug|Any CPU.ActiveCfg = Debug|Any CPU
		{D8A0F7EB-160A-320D-24B0-FB810120F295}.Debug|Any CPU.Build.0 = Debug|Any CPU
		{D8A0F7EB-160A-320D-24B0-FB810120F295}.Release|Any CPU.ActiveCfg = Release|Any CPU
		{D8A0F7EB-160A-320D-24B0-FB810120F295}.Release|Any CPU.Build.0 = Release|Any CPU
		{00F8DA32-229B-FAE8-D0D3-854BA4BB437A}.Debug|Any CPU.ActiveCfg = Debug|Any CPU
		{00F8DA32-229B-FAE8-D0D3-854BA4BB437A}.Debug|Any CPU.Build.0 = Debug|Any CPU
		{00F8DA32-229B-FAE8-D0D3-854BA4BB437A}.Release|Any CPU.ActiveCfg = Release|Any CPU
		{00F8DA32-229B-FAE8-D0D3-854BA4BB437A}.Release|Any CPU.Build.0 = Release|Any CPU
	EndGlobalSection
	GlobalSection(SolutionProperties) = preSolution
		HideSolutionNode = FALSE
	EndGlobalSection
EndGlobal
